
Microsoft Visual Studio Solution File, Format Version 12.00
# Visual Studio Version 16
VisualStudioVersion = 16.0.30717.126
MinimumVisualStudioVersion = 10.0.40219.1
Project("{FAE04EC0-301F-11D3-BF4B-00C04F79EFBC}") = "regex22", "regex22\regex22.csproj", "{945C8005-137B-4292-A752-6B5FD718ABE8}"
EndProject
Global
	GlobalSection(SolutionConfigurationPlatforms) = preSolution
		Debug|Any CPU = Debug|Any CPU
		Release|Any CPU = Release|Any CPU
	EndGlobalSection
	GlobalSection(ProjectConfigurationPlatforms) = postSolution
		{945C8005-137B-4292-A752-6B5FD718ABE8}.Debug|Any CPU.ActiveCfg = Debug|Any CPU
		{945C8005-137B-4292-A752-6B5FD718ABE8}.Debug|Any CPU.Build.0 = Debug|Any CPU
		{945C8005-137B-4292-A752-6B5FD718ABE8}.Release|Any CPU.ActiveCfg = Release|Any CPU
		{945C8005-137B-4292-A752-6B5FD718ABE8}.Release|Any CPU.Build.0 = Release|Any CPU
	EndGlobalSection
	GlobalSection(SolutionProperties) = preSolution
		HideSolutionNode = FALSE
	EndGlobalSection
	GlobalSection(ExtensibilityGlobals) = postSolution
		SolutionGuid = {AD0A4DDB-688B-490F-8035-F6297EE32353}
	EndGlobalSection
EndGlobal
